{
  "requires": true,
  "lockfileVersion": 1,
  "dependencies": {
    "types-registry": {
      "version": "0.1.525",
      "resolved": "https://registry.npmjs.org/types-registry/-/types-registry-0.1.525.tgz",
      "integrity": "sha512-ZyHyfzZ0e6XWpmn9BECxF3g5MKnHtFjcEBBtZ2FD8kgkx6GG0+GdNVVAC5RWpqQYTssBphp+YwAA6ki3F/Vrbw=="
    }
  }
}
